
Microsoft Visual Studio Solution File, Format Version 12.00
# Visual Studio 15
VisualStudioVersion = 15.0.28307.645
MinimumVisualStudioVersion = 10.0.40219.1
Project("{FAE04EC0-301F-11D3-BF4B-00C04F79EFBC}") = "EFDemoSabahSabah", "EFDemoSabahSabah\EFDemoSabahSabah.csproj", "{9A5CC451-9932-4F91-A3C6-6BF7A20DA459}"
EndProject
Project("{FAE04EC0-301F-11D3-BF4B-00C04F79EFBC}") = "NortwindDenemeleri", "NortwindDenemeleri\NortwindDenemeleri.csproj", "{A9555782-0DFA-482C-A07B-952DEE7B259F}"
EndProject
Project("{FAE04EC0-301F-11D3-BF4B-00C04F79EFBC}") = "EfDemo3", "EfDemo3\EfDemo3.csproj", "{0A5199A9-36A4-4CCE-9952-56A58E3D1042}"
EndProject
Project("{FAE04EC0-301F-11D3-BF4B-00C04F79EFBC}") = "CodeFirstFluentApiDemo", "CodeFirstFluentApiDemo\CodeFirstFluentApiDemo.csproj", "{1F478BF2-CD87-49E5-99F7-9615A285185B}"
EndProject
Project("{FAE04EC0-301F-11D3-BF4B-00C04F79EFBC}") = "Demo4", "Demo4\Demo4.csproj", "{DF357620-C063-4ACF-BA84-86DEFA6DD1FC}"
EndProject
Global
	GlobalSection(SolutionConfigurationPlatforms) = preSolution
		Debug|Any CPU = Debug|Any CPU
		Release|Any CPU = Release|Any CPU
	EndGlobalSection
	GlobalSection(ProjectConfigurationPlatforms) = postSolution
		{9A5CC451-9932-4F91-A3C6-6BF7A20DA459}.Debug|Any CPU.ActiveCfg = Debug|Any CPU
		{9A5CC451-9932-4F91-A3C6-6BF7A20DA459}.Debug|Any CPU.Build.0 = Debug|Any CPU
		{9A5CC451-9932-4F91-A3C6-6BF7A20DA459}.Release|Any CPU.ActiveCfg = Release|Any CPU
		{9A5CC451-9932-4F91-A3C6-6BF7A20DA459}.Release|Any CPU.Build.0 = Release|Any CPU
		{A9555782-0DFA-482C-A07B-952DEE7B259F}.Debug|Any CPU.ActiveCfg = Debug|Any CPU
		{A9555782-0DFA-482C-A07B-952DEE7B259F}.Debug|Any CPU.Build.0 = Debug|Any CPU
		{A9555782-0DFA-482C-A07B-952DEE7B259F}.Release|Any CPU.ActiveCfg = Release|Any CPU
		{A9555782-0DFA-482C-A07B-952DEE7B259F}.Release|Any CPU.Build.0 = Release|Any CPU
		{0A5199A9-36A4-4CCE-9952-56A58E3D1042}.Debug|Any CPU.ActiveCfg = Debug|Any CPU
		{0A5199A9-36A4-4CCE-9952-56A58E3D1042}.Debug|Any CPU.Build.0 = Debug|Any CPU
		{0A5199A9-36A4-4CCE-9952-56A58E3D1042}.Release|Any CPU.ActiveCfg = Release|Any CPU
		{0A5199A9-36A4-4CCE-9952-56A58E3D1042}.Release|Any CPU.Build.0 = Release|Any CPU
		{1F478BF2-CD87-49E5-99F7-9615A285185B}.Debug|Any CPU.ActiveCfg = Debug|Any CPU
		{1F478BF2-CD87-49E5-99F7-9615A285185B}.Debug|Any CPU.Build.0 = Debug|Any CPU
		{1F478BF2-CD87-49E5-99F7-9615A285185B}.Release|Any CPU.ActiveCfg = Release|Any CPU
		{1F478BF2-CD87-49E5-99F7-9615A285185B}.Release|Any CPU.Build.0 = Release|Any CPU
		{DF357620-C063-4ACF-BA84-86DEFA6DD1FC}.Debug|Any CPU.ActiveCfg = Debug|Any CPU
		{DF357620-C063-4ACF-BA84-86DEFA6DD1FC}.Debug|Any CPU.Build.0 = Debug|Any CPU
		{DF357620-C063-4ACF-BA84-86DEFA6DD1FC}.Release|Any CPU.ActiveCfg = Release|Any CPU
		{DF357620-C063-4ACF-BA84-86DEFA6DD1FC}.Release|Any CPU.Build.0 = Release|Any CPU
	EndGlobalSection
	GlobalSection(SolutionProperties) = preSolution
		HideSolutionNode = FALSE
	EndGlobalSection
	GlobalSection(ExtensibilityGlobals) = postSolution
		SolutionGuid = {657EF672-966D-4598-BFA9-514B2B174158}
	EndGlobalSection
EndGlobal
